
Microsoft Visual Studio Solution File, Format Version 12.00
# Visual Studio Version 17
VisualStudioVersion = 17.14.36414.22 d17.14
MinimumVisualStudioVersion = 10.0.40219.1
Project("{FAE04EC0-301F-11D3-BF4B-00C04F79EFBC}") = "ToPSimulation", "ToPSimulation.csproj", "{50D8C17D-B761-44D3-87BE-F74BA49596F8}"
EndProject
Global
	GlobalSection(SolutionConfigurationPlatforms) = preSolution
		Debug|Any CPU = Debug|Any CPU
		Release|Any CPU = Release|Any CPU
	EndGlobalSection
	GlobalSection(ProjectConfigurationPlatforms) = postSolution
		{50D8C17D-B761-44D3-87BE-F74BA49596F8}.Debug|Any CPU.ActiveCfg = Debug|Any CPU
		{50D8C17D-B761-44D3-87BE-F74BA49596F8}.Debug|Any CPU.Build.0 = Debug|Any CPU
		{50D8C17D-B761-44D3-87BE-F74BA49596F8}.Release|Any CPU.ActiveCfg = Release|Any CPU
		{50D8C17D-B761-44D3-87BE-F74BA49596F8}.Release|Any CPU.Build.0 = Release|Any CPU
	EndGlobalSection
	GlobalSection(SolutionProperties) = preSolution
		HideSolutionNode = FALSE
	EndGlobalSection
	GlobalSection(ExtensibilityGlobals) = postSolution
		SolutionGuid = {827BF963-6639-4C88-9452-D859F97D5E5C}
	EndGlobalSection
EndGlobal
